
Microsoft Visual Studio Solution File, Format Version 12.00
# Visual Studio Version 17
VisualStudioVersion = 17.5.33627.172
MinimumVisualStudioVersion = 10.0.40219.1
Project("{9A19103F-16F7-4668-BE54-9A1E7A4F7556}") = "TodoApiServer", "TodoApiServer\TodoApiServer.csproj", "{7F145376-7DBA-40E2-87BF-44DE13280918}"
EndProject
Project("{9A19103F-16F7-4668-BE54-9A1E7A4F7556}") = "BookRentalShopApi", "BookRentalShopApi\BookRentalShopApi.csproj", "{DF9F130C-40DA-472E-B875-817A97F2A1FC}"
EndProject
Project("{9A19103F-16F7-4668-BE54-9A1E7A4F7556}") = "TodoItemApp", "TodoItemApp\TodoItemApp.csproj", "{21D89BEA-3374-4FA4-B811-3942D0617886}"
EndProject
Project("{9A19103F-16F7-4668-BE54-9A1E7A4F7556}") = "TodoItemWeb", "TodoItemWeb\TodoItemWeb.csproj", "{05917145-6E15-4777-A5EC-33CFA0E8E5F3}"
EndProject
Global
	GlobalSection(SolutionConfigurationPlatforms) = preSolution
		Debug|Any CPU = Debug|Any CPU
		Release|Any CPU = Release|Any CPU
	EndGlobalSection
	GlobalSection(ProjectConfigurationPlatforms) = postSolution
		{7F145376-7DBA-40E2-87BF-44DE13280918}.Debug|Any CPU.ActiveCfg = Debug|Any CPU
		{7F145376-7DBA-40E2-87BF-44DE13280918}.Debug|Any CPU.Build.0 = Debug|Any CPU
		{7F145376-7DBA-40E2-87BF-44DE13280918}.Release|Any CPU.ActiveCfg = Release|Any CPU
		{7F145376-7DBA-40E2-87BF-44DE13280918}.Release|Any CPU.Build.0 = Release|Any CPU
		{DF9F130C-40DA-472E-B875-817A97F2A1FC}.Debug|Any CPU.ActiveCfg = Debug|Any CPU
		{DF9F130C-40DA-472E-B875-817A97F2A1FC}.Debug|Any CPU.Build.0 = Debug|Any CPU
		{DF9F130C-40DA-472E-B875-817A97F2A1FC}.Release|Any CPU.ActiveCfg = Release|Any CPU
		{DF9F130C-40DA-472E-B875-817A97F2A1FC}.Release|Any CPU.Build.0 = Release|Any CPU
		{21D89BEA-3374-4FA4-B811-3942D0617886}.Debug|Any CPU.ActiveCfg = Debug|Any CPU
		{21D89BEA-3374-4FA4-B811-3942D0617886}.Debug|Any CPU.Build.0 = Debug|Any CPU
		{21D89BEA-3374-4FA4-B811-3942D0617886}.Release|Any CPU.ActiveCfg = Release|Any CPU
		{21D89BEA-3374-4FA4-B811-3942D0617886}.Release|Any CPU.Build.0 = Release|Any CPU
		{05917145-6E15-4777-A5EC-33CFA0E8E5F3}.Debug|Any CPU.ActiveCfg = Debug|Any CPU
		{05917145-6E15-4777-A5EC-33CFA0E8E5F3}.Debug|Any CPU.Build.0 = Debug|Any CPU
		{05917145-6E15-4777-A5EC-33CFA0E8E5F3}.Release|Any CPU.ActiveCfg = Release|Any CPU
		{05917145-6E15-4777-A5EC-33CFA0E8E5F3}.Release|Any CPU.Build.0 = Release|Any CPU
	EndGlobalSection
	GlobalSection(SolutionProperties) = preSolution
		HideSolutionNode = FALSE
	EndGlobalSection
	GlobalSection(ExtensibilityGlobals) = postSolution
		SolutionGuid = {5878DDCA-22AF-48B0-9EFB-E2179ED23712}
	EndGlobalSection
EndGlobal
